
Microsoft Visual Studio Solution File, Format Version 12.00
# Visual Studio 2013
VisualStudioVersion = 12.0.40629.0
MinimumVisualStudioVersion = 10.0.40219.1
Project("{FAE04EC0-301F-11D3-BF4B-00C04F79EFBC}") = "Lab_2", "Lab_2\Lab_2.csproj", "{BB75687B-568E-467D-8043-77009FB3907F}"
EndProject
Project("{FAE04EC0-301F-11D3-BF4B-00C04F79EFBC}") = "Lab_2.2", "Lab_2.2\Lab_2.2.csproj", "{FE686159-C300-4DC4-BF5E-B3A8F32EC2CB}"
EndProject
Global
	GlobalSection(SolutionConfigurationPlatforms) = preSolution
		Debug|Any CPU = Debug|Any CPU
		Release|Any CPU = Release|Any CPU
	EndGlobalSection
	GlobalSection(ProjectConfigurationPlatforms) = postSolution
		{BB75687B-568E-467D-8043-77009FB3907F}.Debug|Any CPU.ActiveCfg = Debug|Any CPU
		{BB75687B-568E-467D-8043-77009FB3907F}.Debug|Any CPU.Build.0 = Debug|Any CPU
		{BB75687B-568E-467D-8043-77009FB3907F}.Release|Any CPU.ActiveCfg = Release|Any CPU
		{BB75687B-568E-467D-8043-77009FB3907F}.Release|Any CPU.Build.0 = Release|Any CPU
		{FE686159-C300-4DC4-BF5E-B3A8F32EC2CB}.Debug|Any CPU.ActiveCfg = Debug|Any CPU
		{FE686159-C300-4DC4-BF5E-B3A8F32EC2CB}.Debug|Any CPU.Build.0 = Debug|Any CPU
		{FE686159-C300-4DC4-BF5E-B3A8F32EC2CB}.Release|Any CPU.ActiveCfg = Release|Any CPU
		{FE686159-C300-4DC4-BF5E-B3A8F32EC2CB}.Release|Any CPU.Build.0 = Release|Any CPU
	EndGlobalSection
	GlobalSection(SolutionProperties) = preSolution
		HideSolutionNode = FALSE
	EndGlobalSection
EndGlobal
